{
  "requires": true,
  "lockfileVersion": 1,
  "dependencies": {
    "@babel/polyfill": {
      "version": "7.8.3",
      "resolved": "https://registry.npmjs.org/@babel/polyfill/-/polyfill-7.8.3.tgz",
      "integrity": "sha512-0QEgn2zkCzqGIkSWWAEmvxD7e00Nm9asTtQvi7HdlYvMhjy/J38V/1Y9ode0zEJeIuxAI0uftiAzqc7nVeWUGg==",
      "requires": {
        "core-js": "^2.6.5",
        "regenerator-runtime": "^0.13.2"
      },
      "dependencies": {
        "core-js": {
          "version": "2.6.11",
          "resolved": "https://registry.npmjs.org/core-js/-/core-js-2.6.11.tgz",
          "integrity": "sha512-5wjnpaT/3dV+XB4borEsnAYQchn00XSgTAWKDkEqv+K8KevjbzmofK6hfJ9TZIlpj2N0xQpazy7PiRQiWHqzWg=="
        }
      }
    },
    "@babel/runtime": {
      "version": "7.8.4",
      "resolved": "https://registry.npmjs.org/@babel/runtime/-/runtime-7.8.4.tgz",
      "integrity": "sha512-neAp3zt80trRVBI1x0azq6c57aNBqYZH8KhMm3TaB7wEI5Q4A2SHfBHE8w9gOhI/lrqxtEbXZgQIrHP+wvSGwQ==",
      "requires": {
        "regenerator-runtime": "^0.13.2"
      }
    },
    "bulma": {
      "version": "0.8.0",
      "resolved": "https://registry.npmjs.org/bulma/-/bulma-0.8.0.tgz",
      "integrity": "sha512-nhf3rGyiZh/VM7FrSJ/5KeLlfaFkXz0nYcXriynfPH4vVpnxnqyEwaNGdNCVzHyyCA3cHgkQAMpdF/SFbFGZfA=="
    },
    "core-js": {
      "version": "3.6.4",
      "resolved": "https://registry.npmjs.org/core-js/-/core-js-3.6.4.tgz",
      "integrity": "sha512-4paDGScNgZP2IXXilaffL9X7968RuvwlkK3xWtZRVqgd8SYNiVKRJvkFd1aqqEuPfN7E68ZHEp9hDj6lHj4Hyw=="
    },
    "dice-roller-dnd": {
      "version": "1.0.7",
      "resolved": "https://registry.npmjs.org/dice-roller-dnd/-/dice-roller-dnd-1.0.7.tgz",
      "integrity": "sha512-FLnbXjQ9HzKHplo48KeYGYqsJxUdHPJRYRT5ROTCTGLDWx9fC2atYGtvhhjFNXNog7fzafHv9ntDWVOlXMoypA==",
      "requires": {
        "@babel/polyfill": "^7.7.0",
        "@babel/runtime": "^7.7.7",
        "core-js": "^3.6.0"
      }
    },
    "regenerator-runtime": {
      "version": "0.13.3",
      "resolved": "https://registry.npmjs.org/regenerator-runtime/-/regenerator-runtime-0.13.3.tgz",
      "integrity": "sha512-naKIZz2GQ8JWh///G7L3X6LaQUAMp2lvb1rvwwsURe/VXwD6VMfr+/1NuNw3ag8v2kY1aQ/go5SNn79O9JU7yw=="
    }
  }
}
